
Microsoft Visual Studio Solution File, Format Version 12.00
# Visual Studio Version 17
VisualStudioVersion = 17.4.33110.190
MinimumVisualStudioVersion = 10.0.40219.1
Project("{FAE04EC0-301F-11D3-BF4B-00C04F79EFBC}") = "Белый ящик 1", "Белый ящик 1\Белый ящик 1.csproj", "{3FA981CA-A644-413C-A3AA-D02638A72B93}"
EndProject
Global
	GlobalSection(SolutionConfigurationPlatforms) = preSolution
		Debug|Any CPU = Debug|Any CPU
		Release|Any CPU = Release|Any CPU
	EndGlobalSection
	GlobalSection(ProjectConfigurationPlatforms) = postSolution
		{3FA981CA-A644-413C-A3AA-D02638A72B93}.Debug|Any CPU.ActiveCfg = Debug|Any CPU
		{3FA981CA-A644-413C-A3AA-D02638A72B93}.Debug|Any CPU.Build.0 = Debug|Any CPU
		{3FA981CA-A644-413C-A3AA-D02638A72B93}.Release|Any CPU.ActiveCfg = Release|Any CPU
		{3FA981CA-A644-413C-A3AA-D02638A72B93}.Release|Any CPU.Build.0 = Release|Any CPU
	EndGlobalSection
	GlobalSection(SolutionProperties) = preSolution
		HideSolutionNode = FALSE
	EndGlobalSection
	GlobalSection(ExtensibilityGlobals) = postSolution
		SolutionGuid = {5D6B41B1-EA4A-4A48-9103-C03944DA7859}
	EndGlobalSection
EndGlobal
